
Microsoft Visual Studio Solution File, Format Version 12.00
# Visual Studio Version 17
VisualStudioVersion = 17.0.31903.59
MinimumVisualStudioVersion = 10.0.40219.1
Project("{9A19103F-16F7-4668-BE54-9A1E7A4F7556}") = "RealEstateAPI", "RealEstate\RealEstateAPI.csproj", "{F95864D2-141A-490F-A40D-08867FDC8B63}"
EndProject
Global
	GlobalSection(SolutionConfigurationPlatforms) = preSolution
		Debug|Any CPU = Debug|Any CPU
		Release|Any CPU = Release|Any CPU
	EndGlobalSection
	GlobalSection(ProjectConfigurationPlatforms) = postSolution
		{F95864D2-141A-490F-A40D-08867FDC8B63}.Debug|Any CPU.ActiveCfg = Debug|Any CPU
		{F95864D2-141A-490F-A40D-08867FDC8B63}.Debug|Any CPU.Build.0 = Debug|Any CPU
		{F95864D2-141A-490F-A40D-08867FDC8B63}.Release|Any CPU.ActiveCfg = Release|Any CPU
		{F95864D2-141A-490F-A40D-08867FDC8B63}.Release|Any CPU.Build.0 = Release|Any CPU
	EndGlobalSection
	GlobalSection(SolutionProperties) = preSolution
		HideSolutionNode = FALSE
	EndGlobalSection
	GlobalSection(ExtensibilityGlobals) = postSolution
		SolutionGuid = {3A695496-C1A0-49A7-BDD2-110A243E149E}
	EndGlobalSection
EndGlobal
